# THIS IS AN AUTOGENERATED FILE. DO NOT EDIT THIS FILE DIRECTLY.
# yarn lockfile v1


"@remix-run/router@1.15.0":
  version "1.15.0"
  resolved "https://registry.yarnpkg.com/@remix-run/router/-/router-1.15.0.tgz#461a952c2872dd82c8b2e9b74c4dfaff569123e2"
  integrity sha512-HOil5aFtme37dVQTB6M34G95kPM3MMuqSmIRVCC52eKV+Y/tGSqw9P3rWhlAx6A+mz+MoX+XxsGsNJbaI5qCgQ==

react-router-dom@^6.22.0:
  version "6.22.0"
  resolved "https://registry.yarnpkg.com/react-router-dom/-/react-router-dom-6.22.0.tgz#177c8bd27146decbb991eafb5df159f7a9f70035"
  integrity sha512-z2w+M4tH5wlcLmH3BMMOMdrtrJ9T3oJJNsAlBJbwk+8Syxd5WFJ7J5dxMEW0/GEXD1BBis4uXRrNIz3mORr0ag==
  dependencies:
    "@remix-run/router" "1.15.0"
    react-router "6.22.0"

react-router@6.22.0:
  version "6.22.0"
  resolved "https://registry.yarnpkg.com/react-router/-/react-router-6.22.0.tgz#a22b44851a79dafc6b944cb418db3e80622b9be1"
  integrity sha512-q2yemJeg6gw/YixRlRnVx6IRJWZD6fonnfZhN1JIOhV2iJCPeRNSH3V1ISwHf+JWcESzLC3BOLD1T07tmO5dmg==
  dependencies:
    "@remix-run/router" "1.15.0"
